
Microsoft Visual Studio Solution File, Format Version 12.00
# Visual Studio Version 17
VisualStudioVersion = 17.9.34616.47
MinimumVisualStudioVersion = 10.0.40219.1
Project("{9A19103F-16F7-4668-BE54-9A1E7A4F7556}") = "ERP", "ERP\ERP.csproj", "{D5349D47-3DAD-4914-B7DA-227CF5149D42}"
EndProject
Project("{9A19103F-16F7-4668-BE54-9A1E7A4F7556}") = "UnitTest", "UnitTests\UnitTest.csproj", "{BDDE80DD-85C8-43A9-817C-82212E5BE94C}"
EndProject
Project("{2150E333-8FDC-42A3-9474-1A3956D46DE8}") = "Diverse Krav", "Diverse Krav", "{17FD0834-0070-4442-BB2C-A54D8D0475E4}"
	ProjectSection(SolutionItems) = preProject
		..\..\..\Desktop\SQLScript = ..\..\..\Desktop\SQLScript
	EndProjectSection
EndProject
Global
	GlobalSection(SolutionConfigurationPlatforms) = preSolution
		Debug|Any CPU = Debug|Any CPU
		Release|Any CPU = Release|Any CPU
	EndGlobalSection
	GlobalSection(ProjectConfigurationPlatforms) = postSolution
		{D5349D47-3DAD-4914-B7DA-227CF5149D42}.Debug|Any CPU.ActiveCfg = Debug|Any CPU
		{D5349D47-3DAD-4914-B7DA-227CF5149D42}.Debug|Any CPU.Build.0 = Debug|Any CPU
		{D5349D47-3DAD-4914-B7DA-227CF5149D42}.Release|Any CPU.ActiveCfg = Release|Any CPU
		{D5349D47-3DAD-4914-B7DA-227CF5149D42}.Release|Any CPU.Build.0 = Release|Any CPU
		{BDDE80DD-85C8-43A9-817C-82212E5BE94C}.Debug|Any CPU.ActiveCfg = Debug|Any CPU
		{BDDE80DD-85C8-43A9-817C-82212E5BE94C}.Debug|Any CPU.Build.0 = Debug|Any CPU
		{BDDE80DD-85C8-43A9-817C-82212E5BE94C}.Release|Any CPU.ActiveCfg = Release|Any CPU
		{BDDE80DD-85C8-43A9-817C-82212E5BE94C}.Release|Any CPU.Build.0 = Release|Any CPU
	EndGlobalSection
	GlobalSection(SolutionProperties) = preSolution
		HideSolutionNode = FALSE
	EndGlobalSection
	GlobalSection(ExtensibilityGlobals) = postSolution
		SolutionGuid = {0FA195D8-7C84-4464-9D53-F93788E17D71}
	EndGlobalSection
EndGlobal
